
Microsoft Visual Studio Solution File, Format Version 12.00
# Visual Studio Express 2012 for Windows Desktop
Project("{FAE04EC0-301F-11D3-BF4B-00C04F79EFBC}") = "ATM APP", "ATM APP\ATM APP.csproj", "{DBC4642D-BFC3-4ACF-9FD4-D4BB15F73DE4}"
EndProject
Global
	GlobalSection(SolutionConfigurationPlatforms) = preSolution
		Debug|Any CPU = Debug|Any CPU
		Release|Any CPU = Release|Any CPU
	EndGlobalSection
	GlobalSection(ProjectConfigurationPlatforms) = postSolution
		{DBC4642D-BFC3-4ACF-9FD4-D4BB15F73DE4}.Debug|Any CPU.ActiveCfg = Debug|Any CPU
		{DBC4642D-BFC3-4ACF-9FD4-D4BB15F73DE4}.Debug|Any CPU.Build.0 = Debug|Any CPU
		{DBC4642D-BFC3-4ACF-9FD4-D4BB15F73DE4}.Release|Any CPU.ActiveCfg = Release|Any CPU
		{DBC4642D-BFC3-4ACF-9FD4-D4BB15F73DE4}.Release|Any CPU.Build.0 = Release|Any CPU
	EndGlobalSection
	GlobalSection(SolutionProperties) = preSolution
		HideSolutionNode = FALSE
	EndGlobalSection
EndGlobal
